
Microsoft Visual Studio Solution File, Format Version 12.00
# Visual Studio Version 17
VisualStudioVersion = 17.0.31903.59
MinimumVisualStudioVersion = 10.0.40219.1
Project("{2150E333-8FDC-42A3-9474-1A3956D46DE8}") = "src", "src", "{827E0CD3-B72D-47B6-A68D-7590B98EB39B}"
EndProject
Project("{FAE04EC0-301F-11D3-BF4B-00C04F79EFBC}") = "ApiGateway", "src\ApiGateway\ApiGateway.csproj", "{2E8DBE4A-2225-4B28-BE6E-7728BC66A562}"
EndProject
Project("{2150E333-8FDC-42A3-9474-1A3956D46DE8}") = "Services", "Services", "{984BB9B3-3FA3-BE33-9484-CAC21695A33C}"
EndProject
Project("{2150E333-8FDC-42A3-9474-1A3956D46DE8}") = "InventoryService", "InventoryService", "{2F82A921-F5AC-497D-C46A-64A82B34AE26}"
EndProject
Project("{FAE04EC0-301F-11D3-BF4B-00C04F79EFBC}") = "Inventory.Api", "src\Services\InventoryService\Inventory.Api\Inventory.Api.csproj", "{452AB7F1-D5B2-4B43-AD20-1E83206F3844}"
EndProject
Project("{FAE04EC0-301F-11D3-BF4B-00C04F79EFBC}") = "Inventory.Application", "src\Services\InventoryService\Inventory.Application\Inventory.Application.csproj", "{7EFA1C5B-ED7E-40AE-A591-F6FBCA4C16E9}"
EndProject
Project("{FAE04EC0-301F-11D3-BF4B-00C04F79EFBC}") = "Inventory.Domain", "src\Services\InventoryService\Inventory.Domain\Inventory.Domain.csproj", "{20EA586E-5B5E-49D1-AA29-3094AE72BED6}"
EndProject
Project("{FAE04EC0-301F-11D3-BF4B-00C04F79EFBC}") = "Inventory.Infrastructure", "src\Services\InventoryService\Inventory.Infrastructure\Inventory.Infrastructure.csproj", "{8A20BFF7-E771-491F-9FDA-E64028078CF8}"
EndProject
Project("{2150E333-8FDC-42A3-9474-1A3956D46DE8}") = "SalesService", "SalesService", "{DB67EA1C-E548-C617-A1C8-429350189DFB}"
EndProject
Project("{FAE04EC0-301F-11D3-BF4B-00C04F79EFBC}") = "Sales.Api", "src\Services\SalesService\Sales.Api\Sales.Api.csproj", "{5D21B8DB-3AD4-47FE-B49C-58518A5BD306}"
EndProject
Project("{FAE04EC0-301F-11D3-BF4B-00C04F79EFBC}") = "Sales.Application", "src\Services\SalesService\Sales.Application\Sales.Application.csproj", "{F22E14CC-A3DC-4E8E-9D26-994426F5E8A2}"
EndProject
Project("{FAE04EC0-301F-11D3-BF4B-00C04F79EFBC}") = "Sales.Domain", "src\Services\SalesService\Sales.Domain\Sales.Domain.csproj", "{0F7AB4B3-8695-4248-909C-60A631078143}"
EndProject
Project("{FAE04EC0-301F-11D3-BF4B-00C04F79EFBC}") = "Sales.Infrastructure", "src\Services\SalesService\Sales.Infrastructure\Sales.Infrastructure.csproj", "{5790FCCD-A2D2-411B-BFAD-958A6B6E976F}"
EndProject
Project("{2150E333-8FDC-42A3-9474-1A3956D46DE8}") = "AuthService", "AuthService", "{2AC20A46-3928-2638-2A2E-83B7FF2AF7AE}"
EndProject
Project("{FAE04EC0-301F-11D3-BF4B-00C04F79EFBC}") = "Auth.Api", "src\AuthService\Auth.Api\Auth.Api.csproj", "{5B8EFF7A-8415-4AAD-AE48-028F060D9F56}"
EndProject
Project("{2150E333-8FDC-42A3-9474-1A3956D46DE8}") = "tests", "tests", "{0AB3BF05-4346-4AA6-1389-037BE0695223}"
EndProject
Project("{FAE04EC0-301F-11D3-BF4B-00C04F79EFBC}") = "ApiGateway.Tests", "tests\ApiGateway.Tests\ApiGateway.Tests.csproj", "{04A39B68-E6AC-4D2E-B26F-DFA9F479DF74}"
EndProject
Project("{FAE04EC0-301F-11D3-BF4B-00C04F79EFBC}") = "Inventory.Tests", "tests\Inventory.Tests\Inventory.Tests.csproj", "{2E7B64AB-2EB5-4C4E-8E53-A0D934B91023}"
EndProject
Project("{FAE04EC0-301F-11D3-BF4B-00C04F79EFBC}") = "Sales.Tests", "tests\Sales.Tests\Sales.Tests.csproj", "{78715626-CEF3-4B76-90B8-88D619468C73}"
EndProject
Project("{FAE04EC0-301F-11D3-BF4B-00C04F79EFBC}") = "Inventory.Integration.Tests", "tests\Inventory.Integration.Tests\Inventory.Integration.Tests.csproj", "{7890BFDB-5F28-47F9-9140-938AC664D530}"
EndProject
Global
	GlobalSection(SolutionConfigurationPlatforms) = preSolution
		Debug|Any CPU = Debug|Any CPU
		Debug|x64 = Debug|x64
		Debug|x86 = Debug|x86
		Release|Any CPU = Release|Any CPU
		Release|x64 = Release|x64
		Release|x86 = Release|x86
	EndGlobalSection
	GlobalSection(ProjectConfigurationPlatforms) = postSolution
		{2E8DBE4A-2225-4B28-BE6E-7728BC66A562}.Debug|Any CPU.ActiveCfg = Debug|Any CPU
		{2E8DBE4A-2225-4B28-BE6E-7728BC66A562}.Debug|Any CPU.Build.0 = Debug|Any CPU
		{2E8DBE4A-2225-4B28-BE6E-7728BC66A562}.Debug|x64.ActiveCfg = Debug|Any CPU
		{2E8DBE4A-2225-4B28-BE6E-7728BC66A562}.Debug|x64.Build.0 = Debug|Any CPU
		{2E8DBE4A-2225-4B28-BE6E-7728BC66A562}.Debug|x86.ActiveCfg = Debug|Any CPU
		{2E8DBE4A-2225-4B28-BE6E-7728BC66A562}.Debug|x86.Build.0 = Debug|Any CPU
		{2E8DBE4A-2225-4B28-BE6E-7728BC66A562}.Release|Any CPU.ActiveCfg = Release|Any CPU
		{2E8DBE4A-2225-4B28-BE6E-7728BC66A562}.Release|Any CPU.Build.0 = Release|Any CPU
		{2E8DBE4A-2225-4B28-BE6E-7728BC66A562}.Release|x64.ActiveCfg = Release|Any CPU
		{2E8DBE4A-2225-4B28-BE6E-7728BC66A562}.Release|x64.Build.0 = Release|Any CPU
		{2E8DBE4A-2225-4B28-BE6E-7728BC66A562}.Release|x86.ActiveCfg = Release|Any CPU
		{2E8DBE4A-2225-4B28-BE6E-7728BC66A562}.Release|x86.Build.0 = Release|Any CPU
		{452AB7F1-D5B2-4B43-AD20-1E83206F3844}.Debug|Any CPU.ActiveCfg = Debug|Any CPU
		{452AB7F1-D5B2-4B43-AD20-1E83206F3844}.Debug|Any CPU.Build.0 = Debug|Any CPU
		{452AB7F1-D5B2-4B43-AD20-1E83206F3844}.Debug|x64.ActiveCfg = Debug|Any CPU
		{452AB7F1-D5B2-4B43-AD20-1E83206F3844}.Debug|x64.Build.0 = Debug|Any CPU
		{452AB7F1-D5B2-4B43-AD20-1E83206F3844}.Debug|x86.ActiveCfg = Debug|Any CPU
		{452AB7F1-D5B2-4B43-AD20-1E83206F3844}.Debug|x86.Build.0 = Debug|Any CPU
		{452AB7F1-D5B2-4B43-AD20-1E83206F3844}.Release|Any CPU.ActiveCfg = Release|Any CPU
		{452AB7F1-D5B2-4B43-AD20-1E83206F3844}.Release|Any CPU.Build.0 = Release|Any CPU
		{452AB7F1-D5B2-4B43-AD20-1E83206F3844}.Release|x64.ActiveCfg = Release|Any CPU
		{452AB7F1-D5B2-4B43-AD20-1E83206F3844}.Release|x64.Build.0 = Release|Any CPU
		{452AB7F1-D5B2-4B43-AD20-1E83206F3844}.Release|x86.ActiveCfg = Release|Any CPU
		{452AB7F1-D5B2-4B43-AD20-1E83206F3844}.Release|x86.Build.0 = Release|Any CPU
		{7EFA1C5B-ED7E-40AE-A591-F6FBCA4C16E9}.Debug|Any CPU.ActiveCfg = Debug|Any CPU
		{7EFA1C5B-ED7E-40AE-A591-F6FBCA4C16E9}.Debug|Any CPU.Build.0 = Debug|Any CPU
		{7EFA1C5B-ED7E-40AE-A591-F6FBCA4C16E9}.Debug|x64.ActiveCfg = Debug|Any CPU
		{7EFA1C5B-ED7E-40AE-A591-F6FBCA4C16E9}.Debug|x64.Build.0 = Debug|Any CPU
		{7EFA1C5B-ED7E-40AE-A591-F6FBCA4C16E9}.Debug|x86.ActiveCfg = Debug|Any CPU
		{7EFA1C5B-ED7E-40AE-A591-F6FBCA4C16E9}.Debug|x86.Build.0 = Debug|Any CPU
		{7EFA1C5B-ED7E-40AE-A591-F6FBCA4C16E9}.Release|Any CPU.ActiveCfg = Release|Any CPU
		{7EFA1C5B-ED7E-40AE-A591-F6FBCA4C16E9}.Release|Any CPU.Build.0 = Release|Any CPU
		{7EFA1C5B-ED7E-40AE-A591-F6FBCA4C16E9}.Release|x64.ActiveCfg = Release|Any CPU
		{7EFA1C5B-ED7E-40AE-A591-F6FBCA4C16E9}.Release|x64.Build.0 = Release|Any CPU
		{7EFA1C5B-ED7E-40AE-A591-F6FBCA4C16E9}.Release|x86.ActiveCfg = Release|Any CPU
		{7EFA1C5B-ED7E-40AE-A591-F6FBCA4C16E9}.Release|x86.Build.0 = Release|Any CPU
		{20EA586E-5B5E-49D1-AA29-3094AE72BED6}.Debug|Any CPU.ActiveCfg = Debug|Any CPU
		{20EA586E-5B5E-49D1-AA29-3094AE72BED6}.Debug|Any CPU.Build.0 = Debug|Any CPU
		{20EA586E-5B5E-49D1-AA29-3094AE72BED6}.Debug|x64.ActiveCfg = Debug|Any CPU
		{20EA586E-5B5E-49D1-AA29-3094AE72BED6}.Debug|x64.Build.0 = Debug|Any CPU
		{20EA586E-5B5E-49D1-AA29-3094AE72BED6}.Debug|x86.ActiveCfg = Debug|Any CPU
		{20EA586E-5B5E-49D1-AA29-3094AE72BED6}.Debug|x86.Build.0 = Debug|Any CPU
		{20EA586E-5B5E-49D1-AA29-3094AE72BED6}.Release|Any CPU.ActiveCfg = Release|Any CPU
		{20EA586E-5B5E-49D1-AA29-3094AE72BED6}.Release|Any CPU.Build.0 = Release|Any CPU
		{20EA586E-5B5E-49D1-AA29-3094AE72BED6}.Release|x64.ActiveCfg = Release|Any CPU
		{20EA586E-5B5E-49D1-AA29-3094AE72BED6}.Release|x64.Build.0 = Release|Any CPU
		{20EA586E-5B5E-49D1-AA29-3094AE72BED6}.Release|x86.ActiveCfg = Release|Any CPU
		{20EA586E-5B5E-49D1-AA29-3094AE72BED6}.Release|x86.Build.0 = Release|Any CPU
		{8A20BFF7-E771-491F-9FDA-E64028078CF8}.Debug|Any CPU.ActiveCfg = Debug|Any CPU
		{8A20BFF7-E771-491F-9FDA-E64028078CF8}.Debug|Any CPU.Build.0 = Debug|Any CPU
		{8A20BFF7-E771-491F-9FDA-E64028078CF8}.Debug|x64.ActiveCfg = Debug|Any CPU
		{8A20BFF7-E771-491F-9FDA-E64028078CF8}.Debug|x64.Build.0 = Debug|Any CPU
		{8A20BFF7-E771-491F-9FDA-E64028078CF8}.Debug|x86.ActiveCfg = Debug|Any CPU
		{8A20BFF7-E771-491F-9FDA-E64028078CF8}.Debug|x86.Build.0 = Debug|Any CPU
		{8A20BFF7-E771-491F-9FDA-E64028078CF8}.Release|Any CPU.ActiveCfg = Release|Any CPU
		{8A20BFF7-E771-491F-9FDA-E64028078CF8}.Release|Any CPU.Build.0 = Release|Any CPU
		{8A20BFF7-E771-491F-9FDA-E64028078CF8}.Release|x64.ActiveCfg = Release|Any CPU
		{8A20BFF7-E771-491F-9FDA-E64028078CF8}.Release|x64.Build.0 = Release|Any CPU
		{8A20BFF7-E771-491F-9FDA-E64028078CF8}.Release|x86.ActiveCfg = Release|Any CPU
		{8A20BFF7-E771-491F-9FDA-E64028078CF8}.Release|x86.Build.0 = Release|Any CPU
		{5D21B8DB-3AD4-47FE-B49C-58518A5BD306}.Debug|Any CPU.ActiveCfg = Debug|Any CPU
		{5D21B8DB-3AD4-47FE-B49C-58518A5BD306}.Debug|Any CPU.Build.0 = Debug|Any CPU
		{5D21B8DB-3AD4-47FE-B49C-58518A5BD306}.Debug|x64.ActiveCfg = Debug|Any CPU
		{5D21B8DB-3AD4-47FE-B49C-58518A5BD306}.Debug|x64.Build.0 = Debug|Any CPU
		{5D21B8DB-3AD4-47FE-B49C-58518A5BD306}.Debug|x86.ActiveCfg = Debug|Any CPU
		{5D21B8DB-3AD4-47FE-B49C-58518A5BD306}.Debug|x86.Build.0 = Debug|Any CPU
		{5D21B8DB-3AD4-47FE-B49C-58518A5BD306}.Release|Any CPU.ActiveCfg = Release|Any CPU
		{5D21B8DB-3AD4-47FE-B49C-58518A5BD306}.Release|Any CPU.Build.0 = Release|Any CPU
		{5D21B8DB-3AD4-47FE-B49C-58518A5BD306}.Release|x64.ActiveCfg = Release|Any CPU
		{5D21B8DB-3AD4-47FE-B49C-58518A5BD306}.Release|x64.Build.0 = Release|Any CPU
		{5D21B8DB-3AD4-47FE-B49C-58518A5BD306}.Release|x86.ActiveCfg = Release|Any CPU
		{5D21B8DB-3AD4-47FE-B49C-58518A5BD306}.Release|x86.Build.0 = Release|Any CPU
		{F22E14CC-A3DC-4E8E-9D26-994426F5E8A2}.Debug|Any CPU.ActiveCfg = Debug|Any CPU
		{F22E14CC-A3DC-4E8E-9D26-994426F5E8A2}.Debug|Any CPU.Build.0 = Debug|Any CPU
		{F22E14CC-A3DC-4E8E-9D26-994426F5E8A2}.Debug|x64.ActiveCfg = Debug|Any CPU
		{F22E14CC-A3DC-4E8E-9D26-994426F5E8A2}.Debug|x64.Build.0 = Debug|Any CPU
		{F22E14CC-A3DC-4E8E-9D26-994426F5E8A2}.Debug|x86.ActiveCfg = Debug|Any CPU
		{F22E14CC-A3DC-4E8E-9D26-994426F5E8A2}.Debug|x86.Build.0 = Debug|Any CPU
		{F22E14CC-A3DC-4E8E-9D26-994426F5E8A2}.Release|Any CPU.ActiveCfg = Release|Any CPU
		{F22E14CC-A3DC-4E8E-9D26-994426F5E8A2}.Release|Any CPU.Build.0 = Release|Any CPU
		{F22E14CC-A3DC-4E8E-9D26-994426F5E8A2}.Release|x64.ActiveCfg = Release|Any CPU
		{F22E14CC-A3DC-4E8E-9D26-994426F5E8A2}.Release|x64.Build.0 = Release|Any CPU
		{F22E14CC-A3DC-4E8E-9D26-994426F5E8A2}.Release|x86.ActiveCfg = Release|Any CPU
		{F22E14CC-A3DC-4E8E-9D26-994426F5E8A2}.Release|x86.Build.0 = Release|Any CPU
		{0F7AB4B3-8695-4248-909C-60A631078143}.Debug|Any CPU.ActiveCfg = Debug|Any CPU
		{0F7AB4B3-8695-4248-909C-60A631078143}.Debug|Any CPU.Build.0 = Debug|Any CPU
		{0F7AB4B3-8695-4248-909C-60A631078143}.Debug|x64.ActiveCfg = Debug|Any CPU
		{0F7AB4B3-8695-4248-909C-60A631078143}.Debug|x64.Build.0 = Debug|Any CPU
		{0F7AB4B3-8695-4248-909C-60A631078143}.Debug|x86.ActiveCfg = Debug|Any CPU
		{0F7AB4B3-8695-4248-909C-60A631078143}.Debug|x86.Build.0 = Debug|Any CPU
		{0F7AB4B3-8695-4248-909C-60A631078143}.Release|Any CPU.ActiveCfg = Release|Any CPU
		{0F7AB4B3-8695-4248-909C-60A631078143}.Release|Any CPU.Build.0 = Release|Any CPU
		{0F7AB4B3-8695-4248-909C-60A631078143}.Release|x64.ActiveCfg = Release|Any CPU
		{0F7AB4B3-8695-4248-909C-60A631078143}.Release|x64.Build.0 = Release|Any CPU
		{0F7AB4B3-8695-4248-909C-60A631078143}.Release|x86.ActiveCfg = Release|Any CPU
		{0F7AB4B3-8695-4248-909C-60A631078143}.Release|x86.Build.0 = Release|Any CPU
		{5790FCCD-A2D2-411B-BFAD-958A6B6E976F}.Debug|Any CPU.ActiveCfg = Debug|Any CPU
		{5790FCCD-A2D2-411B-BFAD-958A6B6E976F}.Debug|Any CPU.Build.0 = Debug|Any CPU
		{5790FCCD-A2D2-411B-BFAD-958A6B6E976F}.Debug|x64.ActiveCfg = Debug|Any CPU
		{5790FCCD-A2D2-411B-BFAD-958A6B6E976F}.Debug|x64.Build.0 = Debug|Any CPU
		{5790FCCD-A2D2-411B-BFAD-958A6B6E976F}.Debug|x86.ActiveCfg = Debug|Any CPU
		{5790FCCD-A2D2-411B-BFAD-958A6B6E976F}.Debug|x86.Build.0 = Debug|Any CPU
		{5790FCCD-A2D2-411B-BFAD-958A6B6E976F}.Release|Any CPU.ActiveCfg = Release|Any CPU
		{5790FCCD-A2D2-411B-BFAD-958A6B6E976F}.Release|Any CPU.Build.0 = Release|Any CPU
		{5790FCCD-A2D2-411B-BFAD-958A6B6E976F}.Release|x64.ActiveCfg = Release|Any CPU
		{5790FCCD-A2D2-411B-BFAD-958A6B6E976F}.Release|x64.Build.0 = Release|Any CPU
		{5790FCCD-A2D2-411B-BFAD-958A6B6E976F}.Release|x86.ActiveCfg = Release|Any CPU
		{5790FCCD-A2D2-411B-BFAD-958A6B6E976F}.Release|x86.Build.0 = Release|Any CPU
		{5B8EFF7A-8415-4AAD-AE48-028F060D9F56}.Debug|Any CPU.ActiveCfg = Debug|Any CPU
		{5B8EFF7A-8415-4AAD-AE48-028F060D9F56}.Debug|Any CPU.Build.0 = Debug|Any CPU
		{5B8EFF7A-8415-4AAD-AE48-028F060D9F56}.Debug|x64.ActiveCfg = Debug|Any CPU
		{5B8EFF7A-8415-4AAD-AE48-028F060D9F56}.Debug|x64.Build.0 = Debug|Any CPU
		{5B8EFF7A-8415-4AAD-AE48-028F060D9F56}.Debug|x86.ActiveCfg = Debug|Any CPU
		{5B8EFF7A-8415-4AAD-AE48-028F060D9F56}.Debug|x86.Build.0 = Debug|Any CPU
		{5B8EFF7A-8415-4AAD-AE48-028F060D9F56}.Release|Any CPU.ActiveCfg = Release|Any CPU
		{5B8EFF7A-8415-4AAD-AE48-028F060D9F56}.Release|Any CPU.Build.0 = Release|Any CPU
		{5B8EFF7A-8415-4AAD-AE48-028F060D9F56}.Release|x64.ActiveCfg = Release|Any CPU
		{5B8EFF7A-8415-4AAD-AE48-028F060D9F56}.Release|x64.Build.0 = Release|Any CPU
		{5B8EFF7A-8415-4AAD-AE48-028F060D9F56}.Release|x86.ActiveCfg = Release|Any CPU
		{5B8EFF7A-8415-4AAD-AE48-028F060D9F56}.Release|x86.Build.0 = Release|Any CPU
		{04A39B68-E6AC-4D2E-B26F-DFA9F479DF74}.Debug|Any CPU.ActiveCfg = Debug|Any CPU
		{04A39B68-E6AC-4D2E-B26F-DFA9F479DF74}.Debug|Any CPU.Build.0 = Debug|Any CPU
		{04A39B68-E6AC-4D2E-B26F-DFA9F479DF74}.Debug|x64.ActiveCfg = Debug|Any CPU
		{04A39B68-E6AC-4D2E-B26F-DFA9F479DF74}.Debug|x64.Build.0 = Debug|Any CPU
		{04A39B68-E6AC-4D2E-B26F-DFA9F479DF74}.Debug|x86.ActiveCfg = Debug|Any CPU
		{04A39B68-E6AC-4D2E-B26F-DFA9F479DF74}.Debug|x86.Build.0 = Debug|Any CPU
		{04A39B68-E6AC-4D2E-B26F-DFA9F479DF74}.Release|Any CPU.ActiveCfg = Release|Any CPU
		{04A39B68-E6AC-4D2E-B26F-DFA9F479DF74}.Release|Any CPU.Build.0 = Release|Any CPU
		{04A39B68-E6AC-4D2E-B26F-DFA9F479DF74}.Release|x64.ActiveCfg = Release|Any CPU
		{04A39B68-E6AC-4D2E-B26F-DFA9F479DF74}.Release|x64.Build.0 = Release|Any CPU
		{04A39B68-E6AC-4D2E-B26F-DFA9F479DF74}.Release|x86.ActiveCfg = Release|Any CPU
		{04A39B68-E6AC-4D2E-B26F-DFA9F479DF74}.Release|x86.Build.0 = Release|Any CPU
		{2E7B64AB-2EB5-4C4E-8E53-A0D934B91023}.Debug|Any CPU.ActiveCfg = Debug|Any CPU
		{2E7B64AB-2EB5-4C4E-8E53-A0D934B91023}.Debug|Any CPU.Build.0 = Debug|Any CPU
		{2E7B64AB-2EB5-4C4E-8E53-A0D934B91023}.Debug|x64.ActiveCfg = Debug|Any CPU
		{2E7B64AB-2EB5-4C4E-8E53-A0D934B91023}.Debug|x64.Build.0 = Debug|Any CPU
		{2E7B64AB-2EB5-4C4E-8E53-A0D934B91023}.Debug|x86.ActiveCfg = Debug|Any CPU
		{2E7B64AB-2EB5-4C4E-8E53-A0D934B91023}.Debug|x86.Build.0 = Debug|Any CPU
		{2E7B64AB-2EB5-4C4E-8E53-A0D934B91023}.Release|Any CPU.ActiveCfg = Release|Any CPU
		{2E7B64AB-2EB5-4C4E-8E53-A0D934B91023}.Release|Any CPU.Build.0 = Release|Any CPU
		{2E7B64AB-2EB5-4C4E-8E53-A0D934B91023}.Release|x64.ActiveCfg = Release|Any CPU
		{2E7B64AB-2EB5-4C4E-8E53-A0D934B91023}.Release|x64.Build.0 = Release|Any CPU
		{2E7B64AB-2EB5-4C4E-8E53-A0D934B91023}.Release|x86.ActiveCfg = Release|Any CPU
		{2E7B64AB-2EB5-4C4E-8E53-A0D934B91023}.Release|x86.Build.0 = Release|Any CPU
		{78715626-CEF3-4B76-90B8-88D619468C73}.Debug|Any CPU.ActiveCfg = Debug|Any CPU
		{78715626-CEF3-4B76-90B8-88D619468C73}.Debug|Any CPU.Build.0 = Debug|Any CPU
		{78715626-CEF3-4B76-90B8-88D619468C73}.Debug|x64.ActiveCfg = Debug|Any CPU
		{78715626-CEF3-4B76-90B8-88D619468C73}.Debug|x64.Build.0 = Debug|Any CPU
		{78715626-CEF3-4B76-90B8-88D619468C73}.Debug|x86.ActiveCfg = Debug|Any CPU
		{78715626-CEF3-4B76-90B8-88D619468C73}.Debug|x86.Build.0 = Debug|Any CPU
		{78715626-CEF3-4B76-90B8-88D619468C73}.Release|Any CPU.ActiveCfg = Release|Any CPU
		{78715626-CEF3-4B76-90B8-88D619468C73}.Release|Any CPU.Build.0 = Release|Any CPU
		{78715626-CEF3-4B76-90B8-88D619468C73}.Release|x64.ActiveCfg = Release|Any CPU
		{78715626-CEF3-4B76-90B8-88D619468C73}.Release|x64.Build.0 = Release|Any CPU
		{78715626-CEF3-4B76-90B8-88D619468C73}.Release|x86.ActiveCfg = Release|Any CPU
		{78715626-CEF3-4B76-90B8-88D619468C73}.Release|x86.Build.0 = Release|Any CPU
		{7890BFDB-5F28-47F9-9140-938AC664D530}.Debug|Any CPU.ActiveCfg = Debug|Any CPU
		{7890BFDB-5F28-47F9-9140-938AC664D530}.Debug|Any CPU.Build.0 = Debug|Any CPU
		{7890BFDB-5F28-47F9-9140-938AC664D530}.Debug|x64.ActiveCfg = Debug|Any CPU
		{7890BFDB-5F28-47F9-9140-938AC664D530}.Debug|x64.Build.0 = Debug|Any CPU
		{7890BFDB-5F28-47F9-9140-938AC664D530}.Debug|x86.ActiveCfg = Debug|Any CPU
		{7890BFDB-5F28-47F9-9140-938AC664D530}.Debug|x86.Build.0 = Debug|Any CPU
		{7890BFDB-5F28-47F9-9140-938AC664D530}.Release|Any CPU.ActiveCfg = Release|Any CPU
		{7890BFDB-5F28-47F9-9140-938AC664D530}.Release|Any CPU.Build.0 = Release|Any CPU
		{7890BFDB-5F28-47F9-9140-938AC664D530}.Release|x64.ActiveCfg = Release|Any CPU
		{7890BFDB-5F28-47F9-9140-938AC664D530}.Release|x64.Build.0 = Release|Any CPU
		{7890BFDB-5F28-47F9-9140-938AC664D530}.Release|x86.ActiveCfg = Release|Any CPU
		{7890BFDB-5F28-47F9-9140-938AC664D530}.Release|x86.Build.0 = Release|Any CPU
	EndGlobalSection
	GlobalSection(SolutionProperties) = preSolution
		HideSolutionNode = FALSE
	EndGlobalSection
	GlobalSection(NestedProjects) = preSolution
		{2E8DBE4A-2225-4B28-BE6E-7728BC66A562} = {827E0CD3-B72D-47B6-A68D-7590B98EB39B}
		{984BB9B3-3FA3-BE33-9484-CAC21695A33C} = {827E0CD3-B72D-47B6-A68D-7590B98EB39B}
		{2F82A921-F5AC-497D-C46A-64A82B34AE26} = {984BB9B3-3FA3-BE33-9484-CAC21695A33C}
		{452AB7F1-D5B2-4B43-AD20-1E83206F3844} = {2F82A921-F5AC-497D-C46A-64A82B34AE26}
		{7EFA1C5B-ED7E-40AE-A591-F6FBCA4C16E9} = {2F82A921-F5AC-497D-C46A-64A82B34AE26}
		{20EA586E-5B5E-49D1-AA29-3094AE72BED6} = {2F82A921-F5AC-497D-C46A-64A82B34AE26}
		{8A20BFF7-E771-491F-9FDA-E64028078CF8} = {2F82A921-F5AC-497D-C46A-64A82B34AE26}
		{DB67EA1C-E548-C617-A1C8-429350189DFB} = {984BB9B3-3FA3-BE33-9484-CAC21695A33C}
		{5D21B8DB-3AD4-47FE-B49C-58518A5BD306} = {DB67EA1C-E548-C617-A1C8-429350189DFB}
		{F22E14CC-A3DC-4E8E-9D26-994426F5E8A2} = {DB67EA1C-E548-C617-A1C8-429350189DFB}
		{0F7AB4B3-8695-4248-909C-60A631078143} = {DB67EA1C-E548-C617-A1C8-429350189DFB}
		{5790FCCD-A2D2-411B-BFAD-958A6B6E976F} = {DB67EA1C-E548-C617-A1C8-429350189DFB}
		{2AC20A46-3928-2638-2A2E-83B7FF2AF7AE} = {827E0CD3-B72D-47B6-A68D-7590B98EB39B}
		{5B8EFF7A-8415-4AAD-AE48-028F060D9F56} = {2AC20A46-3928-2638-2A2E-83B7FF2AF7AE}
		{04A39B68-E6AC-4D2E-B26F-DFA9F479DF74} = {0AB3BF05-4346-4AA6-1389-037BE0695223}
		{2E7B64AB-2EB5-4C4E-8E53-A0D934B91023} = {0AB3BF05-4346-4AA6-1389-037BE0695223}
		{78715626-CEF3-4B76-90B8-88D619468C73} = {0AB3BF05-4346-4AA6-1389-037BE0695223}
		{7890BFDB-5F28-47F9-9140-938AC664D530} = {0AB3BF05-4346-4AA6-1389-037BE0695223}
	EndGlobalSection
EndGlobal
